
Microsoft Visual Studio Solution File, Format Version 12.00
# Visual Studio Version 16
VisualStudioVersion = 16.0.31321.278
MinimumVisualStudioVersion = 10.0.40219.1
Project("{FAE04EC0-301F-11D3-BF4B-00C04F79EFBC}") = "Project_8_6_4", "Project_8_6_4\Project_8_6_4.csproj", "{302F07C2-CC1F-4C62-96B6-80C803DBB29A}"
EndProject
Global
	GlobalSection(SolutionConfigurationPlatforms) = preSolution
		Debug|Any CPU = Debug|Any CPU
		Release|Any CPU = Release|Any CPU
	EndGlobalSection
	GlobalSection(ProjectConfigurationPlatforms) = postSolution
		{302F07C2-CC1F-4C62-96B6-80C803DBB29A}.Debug|Any CPU.ActiveCfg = Debug|Any CPU
		{302F07C2-CC1F-4C62-96B6-80C803DBB29A}.Debug|Any CPU.Build.0 = Debug|Any CPU
		{302F07C2-CC1F-4C62-96B6-80C803DBB29A}.Release|Any CPU.ActiveCfg = Release|Any CPU
		{302F07C2-CC1F-4C62-96B6-80C803DBB29A}.Release|Any CPU.Build.0 = Release|Any CPU
	EndGlobalSection
	GlobalSection(SolutionProperties) = preSolution
		HideSolutionNode = FALSE
	EndGlobalSection
	GlobalSection(ExtensibilityGlobals) = postSolution
		SolutionGuid = {2EE0E926-EE07-45FE-8F01-729502D6AF99}
	EndGlobalSection
EndGlobal
